# This file was autogenerated by Stack.
# You should not edit this file by hand.
# For more information, please see the documentation at:
#   https://docs.haskellstack.org/en/stable/lock_files

packages:
- completed:
    hackage: async-pool-0.9.1@sha256:4015140f896c3f1652b06a679b0ade2717d05557970c283ea2c372a71be2a6a1,1605
    pantry-tree:
      size: 443
      sha256: 525b46e6a39c80b7461e8cd146d540c27d47abc717b746ff34c21aa9b1c47743
  original:
    hackage: async-pool-0.9.1@sha256:4015140f896c3f1652b06a679b0ade2717d05557970c283ea2c372a71be2a6a1,1605
- completed:
    hackage: souffle-haskell-1.1.0@sha256:1b3f2588090c751d049de749dd645cf30013ae5d481743f72eb0f4550eee0c7b,10281
    pantry-tree:
      size: 4688
      sha256: ac0edeea9bba18ea2e047c3b073c02a195beed134247f2d13c34c4f6f4f0c953
  original:
    hackage: souffle-haskell-1.1.0
- completed:
    hackage: zip-1.7.0@sha256:61a94b04fbe93431c5f60f00d622dcc60442691858c5a7f74f822d40643eb130,3933
    pantry-tree:
      size: 696
      sha256: 3d83609bb201379b8fbe42f7974f0609a892dc3541a870465198a0cbb80f59a5
  original:
    hackage: zip-1.7.0
snapshots:
- completed:
    size: 532381
    url: https://raw.githubusercontent.com/commercialhaskell/stackage-snapshots/master/lts/16/13.yaml
    sha256: 6ee17f7996e5bc75ae4406250841f1362ad4196418a4d90a0615ff4f26ac98df
  original: lts-16.13
