# This file was autogenerated by Stack.
# You should not edit this file by hand.
# For more information, please see the documentation at:
#   https://docs.haskellstack.org/en/stable/lock_files

packages:
- completed:
    hackage: zip-1.7.0@sha256:61a94b04fbe93431c5f60f00d622dcc60442691858c5a7f74f822d40643eb130,3933
    pantry-tree:
      size: 696
      sha256: 3d83609bb201379b8fbe42f7974f0609a892dc3541a870465198a0cbb80f59a5
  original:
    hackage: zip-1.7.0
snapshots:
- completed:
    size: 532381
    url: https://raw.githubusercontent.com/commercialhaskell/stackage-snapshots/master/lts/16/13.yaml
    sha256: 6ee17f7996e5bc75ae4406250841f1362ad4196418a4d90a0615ff4f26ac98df
  original: lts-16.13
